
Microsoft Visual Studio Solution File, Format Version 12.00
# Visual Studio Version 17
VisualStudioVersion = 17.13.35806.99 d17.13
MinimumVisualStudioVersion = 10.0.40219.1
Project("{FAE04EC0-301F-11D3-BF4B-00C04F79EFBC}") = "AGENDA_PROYECTOFINAL", "AGENDA_PROYECTOFINAL\AGENDA_PROYECTOFINAL.csproj", "{276DD94B-F2A9-4EC3-B397-A552D35BDD68}"
EndProject
Global
	GlobalSection(SolutionConfigurationPlatforms) = preSolution
		Debug|Any CPU = Debug|Any CPU
		Release|Any CPU = Release|Any CPU
	EndGlobalSection
	GlobalSection(ProjectConfigurationPlatforms) = postSolution
		{276DD94B-F2A9-4EC3-B397-A552D35BDD68}.Debug|Any CPU.ActiveCfg = Debug|Any CPU
		{276DD94B-F2A9-4EC3-B397-A552D35BDD68}.Debug|Any CPU.Build.0 = Debug|Any CPU
		{276DD94B-F2A9-4EC3-B397-A552D35BDD68}.Release|Any CPU.ActiveCfg = Release|Any CPU
		{276DD94B-F2A9-4EC3-B397-A552D35BDD68}.Release|Any CPU.Build.0 = Release|Any CPU
	EndGlobalSection
	GlobalSection(SolutionProperties) = preSolution
		HideSolutionNode = FALSE
	EndGlobalSection
	GlobalSection(ExtensibilityGlobals) = postSolution
		SolutionGuid = {72782B5A-E2C7-457E-B789-4D95E59F3421}
	EndGlobalSection
EndGlobal
